
Microsoft Visual Studio Solution File, Format Version 12.00
# Visual Studio Version 16
VisualStudioVersion = 16.0.29424.173
MinimumVisualStudioVersion = 10.0.40219.1
Project("{FAE04EC0-301F-11D3-BF4B-00C04F79EFBC}") = "BlazorAdmin2", "BlazorAdmin2\BlazorAdmin2.csproj", "{FC5ECF50-7D51-4EDD-AEBD-CDC0A8BF0EF6}"
EndProject
Global
	GlobalSection(SolutionConfigurationPlatforms) = preSolution
		Debug|Any CPU = Debug|Any CPU
		Release|Any CPU = Release|Any CPU
	EndGlobalSection
	GlobalSection(ProjectConfigurationPlatforms) = postSolution
		{FC5ECF50-7D51-4EDD-AEBD-CDC0A8BF0EF6}.Debug|Any CPU.ActiveCfg = Debug|Any CPU
		{FC5ECF50-7D51-4EDD-AEBD-CDC0A8BF0EF6}.Debug|Any CPU.Build.0 = Debug|Any CPU
		{FC5ECF50-7D51-4EDD-AEBD-CDC0A8BF0EF6}.Release|Any CPU.ActiveCfg = Release|Any CPU
		{FC5ECF50-7D51-4EDD-AEBD-CDC0A8BF0EF6}.Release|Any CPU.Build.0 = Release|Any CPU
	EndGlobalSection
	GlobalSection(SolutionProperties) = preSolution
		HideSolutionNode = FALSE
	EndGlobalSection
	GlobalSection(ExtensibilityGlobals) = postSolution
		SolutionGuid = {1370BCDD-A508-4863-900D-032E8FCDC131}
	EndGlobalSection
EndGlobal
